// !$*UTF8*$!
{
	archiveVersion = 1;
	classes = {
	};
	objectVersion = 50;
	objects = {

/* Begin PBXBuildFile section */
		2D42B33E226E2BFC0058423D /* AppDelegate.swift in Sources */ = {isa = PBXBuildFile; fileRef = 2D42B33D226E2BFC0058423D /* AppDelegate.swift */; };
		2D42B340226E2BFC0058423D /* ViewController.swift in Sources */ = {isa = PBXBuildFile; fileRef = 2D42B33F226E2BFC0058423D /* ViewController.swift */; };
		2D42B343226E2BFC0058423D /* Main.storyboard in Resources */ = {isa = PBXBuildFile; fileRef = 2D42B341226E2BFC0058423D /* Main.storyboard */; };
		2D42B345226E2BFD0058423D /* Assets.xcassets in Resources */ = {isa = PBXBuildFile; fileRef = 2D42B344226E2BFD0058423D /* Assets.xcassets */; };
		2D42B348226E2BFD0058423D /* LaunchScreen.storyboard in Resources */ = {isa = PBXBuildFile; fileRef = 2D42B346226E2BFD0058423D /* LaunchScreen.storyboard */; };
		2D524A732273492B00DB399C /* Model.swift in Sources */ = {isa = PBXBuildFile; fileRef = 2D524A722273492B00DB399C /* Model.swift */; };
		2D524A75227399A400DB399C /* FolderTableViewController.swift in Sources */ = {isa = PBXBuildFile; fileRef = 2D524A74227399A400DB399C /* FolderTableViewController.swift */; };
/* End PBXBuildFile section */

/* Begin PBXFileReference section */
		2D42B33A226E2BFC0058423D /* ClonedNotes.app */ = {isa = PBXFileReference; explicitFileType = wrapper.application; includeInIndex = 0; path = ClonedNotes.app; sourceTree = BUILT_PRODUCTS_DIR; };
		2D42B33D226E2BFC0058423D /* AppDelegate.swift */ = {isa = PBXFileReference; lastKnownFileType = sourcecode.swift; path = AppDelegate.swift; sourceTree = "<group>"; };
		2D42B33F226E2BFC0058423D /* ViewController.swift */ = {isa = PBXFileReference; lastKnownFileType = sourcecode.swift; path = ViewController.swift; sourceTree = "<group>"; };
		2D42B342226E2BFC0058423D /* Base */ = {isa = PBXFileReference; lastKnownFileType = file.storyboard; name = Base; path = Base.lproj/Main.storyboard; sourceTree = "<group>"; };
		2D42B344226E2BFD0058423D /* Assets.xcassets */ = {isa = PBXFileReference; lastKnownFileType = folder.assetcatalog; path = Assets.xcassets; sourceTree = "<group>"; };
		2D42B347226E2BFD0058423D /* Base */ = {isa = PBXFileReference; lastKnownFileType = file.storyboard; name = Base; path = Base.lproj/LaunchScreen.storyboard; sourceTree = "<group>"; };
		2D42B349226E2BFD0058423D /* Info.plist */ = {isa = PBXFileReference; lastKnownFileType = text.plist.xml; path = Info.plist; sourceTree = "<group>"; };
		2D524A722273492B00DB399C /* Model.swift */ = {isa = PBXFileReference; lastKnownFileType = sourcecode.swift; path = Model.swift; sourceTree = "<group>"; };
		2D524A74227399A400DB399C /* FolderTableViewController.swift */ = {isa = PBXFileReference; lastKnownFileType = sourcecode.swift; path = FolderTableViewController.swift; sourceTree = "<group>"; };
/* End PBXFileReference section */

/* Begin PBXFrameworksBuildPhase section */
		2D42B337226E2BFC0058423D /* Frameworks */ = {
			isa = PBXFrameworksBuildPhase;
			buildActionMask = 2147483647;
			files = (
			);
			runOnlyForDeploymentPostprocessing = 0;
		};
/* End PBXFrameworksBuildPhase section */

/* Begin PBXGroup section */
		2D42B331226E2BFB0058423D = {
			isa = PBXGroup;
			children = (
				2D42B33C226E2BFC0058423D /* ClonedNotes */,
				2D42B33B226E2BFC0058423D /* Products */,
			);
			sourceTree = "<group>";
		};
		2D42B33B226E2BFC0058423D /* Products */ = {
			isa = PBXGroup;
			children = (
				2D42B33A226E2BFC0058423D /* ClonedNotes.app */,
			);
			name = Products;
			sourceTree = "<group>";
		};
		2D42B33C226E2BFC0058423D /* ClonedNotes */ = {
			isa = PBXGroup;
			children = (
				2D42B33D226E2BFC0058423D /* AppDelegate.swift */,
				2D42B33F226E2BFC0058423D /* ViewController.swift */,
				2D524A74227399A400DB399C /* FolderTableViewController.swift */,
				2D524A722273492B00DB399C /* Model.swift */,
				2D42B341226E2BFC0058423D /* Main.storyboard */,
				2D42B344226E2BFD0058423D /* Assets.xcassets */,
				2D42B346226E2BFD0058423D /* LaunchScreen.storyboard */,
				2D42B349226E2BFD0058423D /* Info.plist */,
			);
			path = ClonedNotes;
			sourceTree = "<group>";
		};
/* End PBXGroup section */

/* Begin PBXNativeTarget section */
		2D42B339226E2BFC0058423D /* ClonedNotes */ = {
			isa = PBXNativeTarget;
			buildConfigurationList = 2D42B34C226E2BFD0058423D /* Build configuration list for PBXNativeTarget "ClonedNotes" */;
			buildPhases = (
				2D42B336226E2BFC0058423D /* Sources */,
				2D42B337226E2BFC0058423D /* Frameworks */,
				2D42B338226E2BFC0058423D /* Resources */,
			);
			buildRules = (
			);
			dependencies = (
			);
			name = ClonedNotes;
			productName = ClonedNotes;
			productReference = 2D42B33A226E2BFC0058423D /* ClonedNotes.app */;
			productType = "com.apple.product-type.application";
		};
/* End PBXNativeTarget section */

/* Begin PBXProject section */
		2D42B332226E2BFB0058423D /* Project object */ = {
			isa = PBXProject;
			attributes = {
				LastSwiftUpdateCheck = 1020;
				LastUpgradeCheck = 1020;
				ORGANIZATIONNAME = "Michele Galvagno";
				TargetAttributes = {
					2D42B339226E2BFC0058423D = {
						CreatedOnToolsVersion = 10.2.1;
					};
				};
			};
			buildConfigurationList = 2D42B335226E2BFB0058423D /* Build configuration list for PBXProject "ClonedNotes" */;
			compatibilityVersion = "Xcode 9.3";
			developmentRegion = en;
			hasScannedForEncodings = 0;
			knownRegions = (
				en,
				Base,
			);
			mainGroup = 2D42B331226E2BFB0058423D;
			productRefGroup = 2D42B33B226E2BFC0058423D /* Products */;
			projectDirPath = "";
			projectRoot = "";
			targets = (
				2D42B339226E2BFC0058423D /* ClonedNotes */,
			);
		};
/* End PBXProject section */

/* Begin PBXResourcesBuildPhase section */
		2D42B338226E2BFC0058423D /* Resources */ = {
			isa = PBXResourcesBuildPhase;
			buildActionMask = 2147483647;
			files = (
				2D42B348226E2BFD0058423D /* LaunchScreen.storyboard in Resources */,
				2D42B345226E2BFD0058423D /* Assets.xcassets in Resources */,
				2D42B343226E2BFC0058423D /* Main.storyboard in Resources */,
			);
			runOnlyForDeploymentPostprocessing = 0;
		};
/* End PBXResourcesBuildPhase section */

/* Begin PBXSourcesBuildPhase section */
		2D42B336226E2BFC0058423D /* Sources */ = {
			isa = PBXSourcesBuildPhase;
			buildActionMask = 2147483647;
			files = (
				2D42B340226E2BFC0058423D /* ViewController.swift in Sources */,
				2D524A75227399A400DB399C /* FolderTableViewController.swift in Sources */,
				2D42B33E226E2BFC0058423D /* AppDelegate.swift in Sources */,
				2D524A732273492B00DB399C /* Model.swift in Sources */,
			);
			runOnlyForDeploymentPostprocessing = 0;
		};
/* End PBXSourcesBuildPhase section */

/* Begin PBXVariantGroup section */
		2D42B341226E2BFC0058423D /* Main.storyboard */ = {
			isa = PBXVariantGroup;
			children = (
				2D42B342226E2BFC0058423D /* Base */,
			);
			name = Main.storyboard;
			sourceTree = "<group>";
		};
		2D42B346226E2BFD0058423D /* LaunchScreen.storyboard */ = {
			isa = PBXVariantGroup;
			children = (
				2D42B347226E2BFD0058423D /* Base */,
			);
			name = LaunchScreen.storyboard;
			sourceTree = "<group>";
		};
/* End PBXVariantGroup section */

/* Begin XCBuildConfiguration section */
		2D42B34A226E2BFD0058423D /* Debug */ = {
			isa = XCBuildConfiguration;
			buildSettings = {
				ALWAYS_SEARCH_USER_PATHS = NO;
				CLANG_ANALYZER_NONNULL = YES;
				CLANG_ANALYZER_NUMBER_OBJECT_CONVERSION = YES_AGGRESSIVE;
				CLANG_CXX_LANGUAGE_STANDARD = "gnu++14";
				CLANG_CXX_LIBRARY = "libc++";
				CLANG_ENABLE_MODULES = YES;
				CLANG_ENABLE_OBJC_ARC = YES;
				CLANG_ENABLE_OBJC_WEAK = YES;
				CLANG_WARN_BLOCK_CAPTURE_AUTORELEASING = YES;
				CLANG_WARN_BOOL_CONVERSION = YES;
				CLANG_WARN_COMMA = YES;
				CLANG_WARN_CONSTANT_CONVERSION = YES;
				CLANG_WARN_DEPRECATED_OBJC_IMPLEMENTATIONS = YES;
				CLANG_WARN_DIRECT_OBJC_ISA_USAGE = YES_ERROR;
				CLANG_WARN_DOCUMENTATION_COMMENTS = YES;
				CLANG_WARN_EMPTY_BODY = YES;
				CLANG_WARN_ENUM_CONVERSION = YES;
				CLANG_WARN_INFINITE_RECURSION = YES;
				CLANG_WARN_INT_CONVERSION = YES;
				CLANG_WARN_NON_LITERAL_NULL_CONVERSION = YES;
				CLANG_WARN_OBJC_IMPLICIT_RETAIN_SELF = YES;
				CLANG_WARN_OBJC_LITERAL_CONVERSION = YES;
				CLANG_WARN_OBJC_ROOT_CLASS = YES_ERROR;
				CLANG_WARN_RANGE_LOOP_ANALYSIS = YES;
				CLANG_WARN_STRICT_PROTOTYPES = YES;
				CLANG_WARN_SUSPICIOUS_MOVE = YES;
				CLANG_WARN_UNGUARDED_AVAILABILITY = YES_AGGRESSIVE;
				CLANG_WARN_UNREACHABLE_CODE = YES;
				CLANG_WARN__DUPLICATE_METHOD_MATCH = YES;
				CODE_SIGN_IDENTITY = "iPhone Developer";
				COPY_PHASE_STRIP = NO;
				DEBUG_INFORMATION_FORMAT = dwarf;
				ENABLE_STRICT_OBJC_MSGSEND = YES;
				ENABLE_TESTABILITY = YES;
				GCC_C_LANGUAGE_STANDARD = gnu11;
				GCC_DYNAMIC_NO_PIC = NO;
				GCC_NO_COMMON_BLOCKS = YES;
				GCC_OPTIMIZATION_LEVEL = 0;
				GCC_PREPROCESSOR_DEFINITIONS = (
					"DEBUG=1",
					"$(inherited)",
				);
				GCC_WARN_64_TO_32_BIT_CONVERSION = YES;
				GCC_WARN_ABOUT_RETURN_TYPE = YES_ERROR;
				GCC_WARN_UNDECLARED_SELECTOR = YES;
				GCC_WARN_UNINITIALIZED_AUTOS = YES_AGGRESSIVE;
				GCC_WARN_UNUSED_FUNCTION = YES;
				GCC_WARN_UNUSED_VARIABLE = YES;
				IPHONEOS_DEPLOYMENT_TARGET = 12.2;
				MTL_ENABLE_DEBUG_INFO = INCLUDE_SOURCE;
				MTL_FAST_MATH = YES;
				ONLY_ACTIVE_ARCH = YES;
				SDKROOT = iphoneos;
				SWIFT_ACTIVE_COMPILATION_CONDITIONS = DEBUG;
				SWIFT_OPTIMIZATION_LEVEL = "-Onone";
			};
			name = Debug;
		};
		2D42B34B226E2BFD0058423D /* Release */ = {
			isa = XCBuildConfiguration;
			buildSettings = {
				ALWAYS_SEARCH_USER_PATHS = NO;
				CLANG_ANALYZER_NONNULL = YES;
				CLANG_ANALYZER_NUMBER_OBJECT_CONVERSION = YES_AGGRESSIVE;
				CLANG_CXX_LANGUAGE_STANDARD = "gnu++14";
				CLANG_CXX_LIBRARY = "libc++";
				CLANG_ENABLE_MODULES = YES;
				CLANG_ENABLE_OBJC_ARC = YES;
				CLANG_ENABLE_OBJC_WEAK = YES;
				CLANG_WARN_BLOCK_CAPTURE_AUTORELEASING = YES;
				CLANG_WARN_BOOL_CONVERSION = YES;
				CLANG_WARN_COMMA = YES;
				CLANG_WARN_CONSTANT_CONVERSION = YES;
				CLANG_WARN_DEPRECATED_OBJC_IMPLEMENTATIONS = YES;
				CLANG_WARN_DIRECT_OBJC_ISA_USAGE = YES_ERROR;
				CLANG_WARN_DOCUMENTATION_COMMENTS = YES;
				CLANG_WARN_EMPTY_BODY = YES;
				CLANG_WARN_ENUM_CONVERSION = YES;
				CLANG_WARN_INFINITE_RECURSION = YES;
				CLANG_WARN_INT_CONVERSION = YES;
				CLANG_WARN_NON_LITERAL_NULL_CONVERSION = YES;
				CLANG_WARN_OBJC_IMPLICIT_RETAIN_SELF = YES;
				CLANG_WARN_OBJC_LITERAL_CONVERSION = YES;
				CLANG_WARN_OBJC_ROOT_CLASS = YES_ERROR;
				CLANG_WARN_RANGE_LOOP_ANALYSIS = YES;
				CLANG_WARN_STRICT_PROTOTYPES = YES;
				CLANG_WARN_SUSPICIOUS_MOVE = YES;
				CLANG_WARN_UNGUARDED_AVAILABILITY = YES_AGGRESSIVE;
				CLANG_WARN_UNREACHABLE_CODE = YES;
				CLANG_WARN__DUPLICATE_METHOD_MATCH = YES;
				CODE_SIGN_IDENTITY = "iPhone Developer";
				COPY_PHASE_STRIP = NO;
				DEBUG_INFORMATION_FORMAT = "dwarf-with-dsym";
				ENABLE_NS_ASSERTIONS = NO;
				ENABLE_STRICT_OBJC_MSGSEND = YES;
				GCC_C_LANGUAGE_STANDARD = gnu11;
				GCC_NO_COMMON_BLOCKS = YES;
				GCC_WARN_64_TO_32_BIT_CONVERSION = YES;
				GCC_WARN_ABOUT_RETURN_TYPE = YES_ERROR;
				GCC_WARN_UNDECLARED_SELECTOR = YES;
				GCC_WARN_UNINITIALIZED_AUTOS = YES_AGGRESSIVE;
				GCC_WARN_UNUSED_FUNCTION = YES;
				GCC_WARN_UNUSED_VARIABLE = YES;
				IPHONEOS_DEPLOYMENT_TARGET = 12.2;
				MTL_ENABLE_DEBUG_INFO = NO;
				MTL_FAST_MATH = YES;
				SDKROOT = iphoneos;
				SWIFT_COMPILATION_MODE = wholemodule;
				SWIFT_OPTIMIZATION_LEVEL = "-O";
				VALIDATE_PRODUCT = YES;
			};
			name = Release;
		};
		2D42B34D226E2BFD0058423D /* Debug */ = {
			isa = XCBuildConfiguration;
			buildSettings = {
				ASSETCATALOG_COMPILER_APPICON_NAME = AppIcon;
				CODE_SIGN_STYLE = Automatic;
				DEVELOPMENT_TEAM = 68Z4323Q26;
				INFOPLIST_FILE = ClonedNotes/Info.plist;
				LD_RUNPATH_SEARCH_PATHS = (
					"$(inherited)",
					"@executable_path/Frameworks",
				);
				PRODUCT_BUNDLE_IDENTIFIER = com.michelegalvagno.ClonedNotes;
				PRODUCT_NAME = "$(TARGET_NAME)";
				SWIFT_VERSION = 5.0;
				TARGETED_DEVICE_FAMILY = "1,2";
			};
			name = Debug;
		};
		2D42B34E226E2BFD0058423D /* Release */ = {
			isa = XCBuildConfiguration;
			buildSettings = {
				ASSETCATALOG_COMPILER_APPICON_NAME = AppIcon;
				CODE_SIGN_STYLE = Automatic;
				DEVELOPMENT_TEAM = 68Z4323Q26;
				INFOPLIST_FILE = ClonedNotes/Info.plist;
				LD_RUNPATH_SEARCH_PATHS = (
					"$(inherited)",
					"@executable_path/Frameworks",
				);
				PRODUCT_BUNDLE_IDENTIFIER = com.michelegalvagno.ClonedNotes;
				PRODUCT_NAME = "$(TARGET_NAME)";
				SWIFT_VERSION = 5.0;
				TARGETED_DEVICE_FAMILY = "1,2";
			};
			name = Release;
		};
/* End XCBuildConfiguration section */

/* Begin XCConfigurationList section */
		2D42B335226E2BFB0058423D /* Build configuration list for PBXProject "ClonedNotes" */ = {
			isa = XCConfigurationList;
			buildConfigurations = (
				2D42B34A226E2BFD0058423D /* Debug */,
				2D42B34B226E2BFD0058423D /* Release */,
			);
			defaultConfigurationIsVisible = 0;
			defaultConfigurationName = Release;
		};
		2D42B34C226E2BFD0058423D /* Build configuration list for PBXNativeTarget "ClonedNotes" */ = {
			isa = XCConfigurationList;
			buildConfigurations = (
				2D42B34D226E2BFD0058423D /* Debug */,
				2D42B34E226E2BFD0058423D /* Release */,
			);
			defaultConfigurationIsVisible = 0;
			defaultConfigurationName = Release;
		};
/* End XCConfigurationList section */
	};
	rootObject = 2D42B332226E2BFB0058423D /* Project object */;
}
